
Microsoft Visual Studio Solution File, Format Version 12.00
# Visual Studio Version 16
VisualStudioVersion = 16.0.30907.101
MinimumVisualStudioVersion = 10.0.40219.1
Project("{FAE04EC0-301F-11D3-BF4B-00C04F79EFBC}") = "ToDoItemsApp", "ToDoItemsApp\ToDoItemsApp.csproj", "{59F178A5-879E-4F21-A053-32CE3912BCB3}"
EndProject
Global
	GlobalSection(SolutionConfigurationPlatforms) = preSolution
		Debug|Any CPU = Debug|Any CPU
		Release|Any CPU = Release|Any CPU
	EndGlobalSection
	GlobalSection(ProjectConfigurationPlatforms) = postSolution
		{59F178A5-879E-4F21-A053-32CE3912BCB3}.Debug|Any CPU.ActiveCfg = Debug|Any CPU
		{59F178A5-879E-4F21-A053-32CE3912BCB3}.Debug|Any CPU.Build.0 = Debug|Any CPU
		{59F178A5-879E-4F21-A053-32CE3912BCB3}.Release|Any CPU.ActiveCfg = Release|Any CPU
		{59F178A5-879E-4F21-A053-32CE3912BCB3}.Release|Any CPU.Build.0 = Release|Any CPU
	EndGlobalSection
	GlobalSection(SolutionProperties) = preSolution
		HideSolutionNode = FALSE
	EndGlobalSection
	GlobalSection(ExtensibilityGlobals) = postSolution
		SolutionGuid = {7658A89E-C690-4165-B862-CCF6E656E7D9}
	EndGlobalSection
EndGlobal
